
Microsoft Visual Studio Solution File, Format Version 12.00
# Visual Studio 2012
Project("{FAE04EC0-301F-11D3-BF4B-00C04F79EFBC}") = "02.ComparePerformanceOfOperators", "02.ComparePerformanceOfOperators\02.ComparePerformanceOfOperators.csproj", "{A939ACBF-C950-4D4A-BC3C-8F2959D8FC64}"
EndProject
Project("{FAE04EC0-301F-11D3-BF4B-00C04F79EFBC}") = "03.ComparePerformanceOfFunctions", "03.ComparePerformanceOfFunctions\03.ComparePerformanceOfFunctions.csproj", "{E76B868B-7669-49C0-AFFD-D35CCBA20FB8}"
EndProject
Project("{FAE04EC0-301F-11D3-BF4B-00C04F79EFBC}") = "04.ComparePerformanceOfSorting", "04.ComparePerformanceOfSorting\04.ComparePerformanceOfSorting.csproj", "{F47280DC-ED7B-4C23-91D5-0F69349ECFFC}"
EndProject
Global
	GlobalSection(SolutionConfigurationPlatforms) = preSolution
		Debug|Any CPU = Debug|Any CPU
		Release|Any CPU = Release|Any CPU
	EndGlobalSection
	GlobalSection(ProjectConfigurationPlatforms) = postSolution
		{A939ACBF-C950-4D4A-BC3C-8F2959D8FC64}.Debug|Any CPU.ActiveCfg = Debug|Any CPU
		{A939ACBF-C950-4D4A-BC3C-8F2959D8FC64}.Debug|Any CPU.Build.0 = Debug|Any CPU
		{A939ACBF-C950-4D4A-BC3C-8F2959D8FC64}.Release|Any CPU.ActiveCfg = Release|Any CPU
		{A939ACBF-C950-4D4A-BC3C-8F2959D8FC64}.Release|Any CPU.Build.0 = Release|Any CPU
		{E76B868B-7669-49C0-AFFD-D35CCBA20FB8}.Debug|Any CPU.ActiveCfg = Debug|Any CPU
		{E76B868B-7669-49C0-AFFD-D35CCBA20FB8}.Debug|Any CPU.Build.0 = Debug|Any CPU
		{E76B868B-7669-49C0-AFFD-D35CCBA20FB8}.Release|Any CPU.ActiveCfg = Release|Any CPU
		{E76B868B-7669-49C0-AFFD-D35CCBA20FB8}.Release|Any CPU.Build.0 = Release|Any CPU
		{F47280DC-ED7B-4C23-91D5-0F69349ECFFC}.Debug|Any CPU.ActiveCfg = Debug|Any CPU
		{F47280DC-ED7B-4C23-91D5-0F69349ECFFC}.Debug|Any CPU.Build.0 = Debug|Any CPU
		{F47280DC-ED7B-4C23-91D5-0F69349ECFFC}.Release|Any CPU.ActiveCfg = Release|Any CPU
		{F47280DC-ED7B-4C23-91D5-0F69349ECFFC}.Release|Any CPU.Build.0 = Release|Any CPU
	EndGlobalSection
	GlobalSection(SolutionProperties) = preSolution
		HideSolutionNode = FALSE
	EndGlobalSection
EndGlobal
